
Microsoft Visual Studio Solution File, Format Version 12.00
# Visual Studio Version 17
VisualStudioVersion = 17.7.34031.279
MinimumVisualStudioVersion = 10.0.40219.1
Project("{FAE04EC0-301F-11D3-BF4B-00C04F79EFBC}") = "CADelegate", "CADelegate\CADelegate.csproj", "{4FDA89B1-45F8-44B2-86D7-20C8F2E835DC}"
EndProject
Project("{FAE04EC0-301F-11D3-BF4B-00C04F79EFBC}") = "FunctionalProgramming", "FunctionalProgramming\FunctionalProgramming.csproj", "{20B9494C-518F-49A9-88E5-6C7D02E51258}"
EndProject
Global
	GlobalSection(SolutionConfigurationPlatforms) = preSolution
		Debug|Any CPU = Debug|Any CPU
		Release|Any CPU = Release|Any CPU
	EndGlobalSection
	GlobalSection(ProjectConfigurationPlatforms) = postSolution
		{4FDA89B1-45F8-44B2-86D7-20C8F2E835DC}.Debug|Any CPU.ActiveCfg = Debug|Any CPU
		{4FDA89B1-45F8-44B2-86D7-20C8F2E835DC}.Debug|Any CPU.Build.0 = Debug|Any CPU
		{4FDA89B1-45F8-44B2-86D7-20C8F2E835DC}.Release|Any CPU.ActiveCfg = Release|Any CPU
		{4FDA89B1-45F8-44B2-86D7-20C8F2E835DC}.Release|Any CPU.Build.0 = Release|Any CPU
		{20B9494C-518F-49A9-88E5-6C7D02E51258}.Debug|Any CPU.ActiveCfg = Debug|Any CPU
		{20B9494C-518F-49A9-88E5-6C7D02E51258}.Debug|Any CPU.Build.0 = Debug|Any CPU
		{20B9494C-518F-49A9-88E5-6C7D02E51258}.Release|Any CPU.ActiveCfg = Release|Any CPU
		{20B9494C-518F-49A9-88E5-6C7D02E51258}.Release|Any CPU.Build.0 = Release|Any CPU
	EndGlobalSection
	GlobalSection(SolutionProperties) = preSolution
		HideSolutionNode = FALSE
	EndGlobalSection
	GlobalSection(ExtensibilityGlobals) = postSolution
		SolutionGuid = {2E379687-D41C-4FAB-A6E5-A5709A83534A}
	EndGlobalSection
EndGlobal
